{
  "name": "ai-life-server",
  "version": "1.0.1",
  "lockfileVersion": 3,
  "requires": true,
  "packages": {
    "": {
      "name": "ai-life-server",
      "version": "1.0.1",
      "hasInstallScript": true,
      "dependencies": {
        "@hono/node-server": "^1.19.6",
        "@prisma/client": "^6.16.3",
        "hono": "^4.9.8"
      },
      "devDependencies": {
        "@types/node": "^24.13.3",
        "prisma": "^6.16.3",
        "tsx": "^4.20.5"
      }
    },
    "node_modules/@esbuild/aix-ppc64": {
      "version": "0.28.2",
      "resolved": "https://registry.npmjs.org/@esbuild/aix-ppc64/-/aix-ppc64-0.28.2.tgz",
      "integrity": "sha512-XExcO+dvLKvVtNTibSTBej1NCAbaGhWn9Ww1ZPx80qsahhPFe/8jgWP0IchNe0F3HwkU7n8ejhH8bjonqht8mQ==",
      "cpu": ["ppc64"],
      "dev": true,
      "license": "MIT",
      "optional": true,
      "os": ["aix"],
      "engines": { "node": ">=18" }
    }
  }
}
